
Microsoft Visual Studio Solution File, Format Version 12.00
# Visual Studio 14
VisualStudioVersion = 14.0.22823.1
MinimumVisualStudioVersion = 10.0.40219.1
Project("{E24C65DC-7377-472B-9ABA-BC803B73C61A}") = "PDQ_WEB", "D:\Projects\PDQ_WEB\", "{7B09EAF0-BD82-4205-89DC-2211717B5510}"
	ProjectSection(WebsiteProperties) = preProject
		TargetFrameworkMoniker = ".NETFramework,Version%3Dv4.5.2"
		Debug.AspNetCompiler.VirtualPath = "/localhost_57888"
		Debug.AspNetCompiler.PhysicalPath = "..\PDQ_WEB\"
		Debug.AspNetCompiler.TargetPath = "PrecompiledWeb\localhost_57888\"
		Debug.AspNetCompiler.Updateable = "true"
		Debug.AspNetCompiler.ForceOverwrite = "true"
		Debug.AspNetCompiler.FixedNames = "false"
		Debug.AspNetCompiler.Debug = "True"
		Release.AspNetCompiler.VirtualPath = "/localhost_57888"
		Release.AspNetCompiler.PhysicalPath = "..\PDQ_WEB\"
		Release.AspNetCompiler.TargetPath = "PrecompiledWeb\localhost_57888\"
		Release.AspNetCompiler.Updateable = "true"
		Release.AspNetCompiler.ForceOverwrite = "true"
		Release.AspNetCompiler.FixedNames = "false"
		Release.AspNetCompiler.Debug = "False"
		VWDPort = "57888"
		SlnRelativePath = "..\PDQ_WEB\"
		DefaultWebSiteLanguage = "Visual C#"
	EndProjectSection
EndProject
Global
	GlobalSection(SolutionConfigurationPlatforms) = preSolution
		Debug|Any CPU = Debug|Any CPU
	EndGlobalSection
	GlobalSection(ProjectConfigurationPlatforms) = postSolution
		{7B09EAF0-BD82-4205-89DC-2211717B5510}.Debug|Any CPU.ActiveCfg = Debug|Any CPU
		{7B09EAF0-BD82-4205-89DC-2211717B5510}.Debug|Any CPU.Build.0 = Debug|Any CPU
	EndGlobalSection
	GlobalSection(SolutionProperties) = preSolution
		HideSolutionNode = FALSE
	EndGlobalSection
EndGlobal
